
Microsoft Visual Studio Solution File, Format Version 12.00
# Visual Studio Version 17
VisualStudioVersion = 17.1.32414.318
MinimumVisualStudioVersion = 10.0.40219.1
Project("{2150E333-8FDC-42A3-9474-1A3956D46DE8}") = "001Fihrist", "001Fihrist", "{810CCBB7-F19E-407E-A245-6238106195DC}"
	ProjectSection(SolutionItems) = preProject
		Fihrist.txt = Fihrist.txt
	EndProjectSection
EndProject
Project("{FAE04EC0-301F-11D3-BF4B-00C04F79EFBC}") = "OOP.AddAClass", "OOP.AddAClass\OOP.AddAClass.csproj", "{19356CC3-4059-4EA8-9DE9-FFF510A2C119}"
EndProject
Global
	GlobalSection(SolutionConfigurationPlatforms) = preSolution
		Debug|Any CPU = Debug|Any CPU
		Release|Any CPU = Release|Any CPU
	EndGlobalSection
	GlobalSection(ProjectConfigurationPlatforms) = postSolution
		{19356CC3-4059-4EA8-9DE9-FFF510A2C119}.Debug|Any CPU.ActiveCfg = Debug|Any CPU
		{19356CC3-4059-4EA8-9DE9-FFF510A2C119}.Debug|Any CPU.Build.0 = Debug|Any CPU
		{19356CC3-4059-4EA8-9DE9-FFF510A2C119}.Release|Any CPU.ActiveCfg = Release|Any CPU
		{19356CC3-4059-4EA8-9DE9-FFF510A2C119}.Release|Any CPU.Build.0 = Release|Any CPU
	EndGlobalSection
	GlobalSection(SolutionProperties) = preSolution
		HideSolutionNode = FALSE
	EndGlobalSection
	GlobalSection(ExtensibilityGlobals) = postSolution
		SolutionGuid = {71028A30-C3C0-4575-AD10-D32C749BC50C}
	EndGlobalSection
EndGlobal
